
Microsoft Visual Studio Solution File, Format Version 12.00
# Visual Studio Version 16
VisualStudioVersion = 16.0.29102.190
MinimumVisualStudioVersion = 10.0.40219.1
Project("{FAE04EC0-301F-11D3-BF4B-00C04F79EFBC}") = "GUIA PRACTICA 2", "GUIA PRACTICA 2\GUIA PRACTICA 2.csproj", "{B0209EF4-1F99-4162-8808-EB3EF92DC980}"
EndProject
Global
	GlobalSection(SolutionConfigurationPlatforms) = preSolution
		Debug|Any CPU = Debug|Any CPU
		Release|Any CPU = Release|Any CPU
	EndGlobalSection
	GlobalSection(ProjectConfigurationPlatforms) = postSolution
		{B0209EF4-1F99-4162-8808-EB3EF92DC980}.Debug|Any CPU.ActiveCfg = Debug|Any CPU
		{B0209EF4-1F99-4162-8808-EB3EF92DC980}.Debug|Any CPU.Build.0 = Debug|Any CPU
		{B0209EF4-1F99-4162-8808-EB3EF92DC980}.Release|Any CPU.ActiveCfg = Release|Any CPU
		{B0209EF4-1F99-4162-8808-EB3EF92DC980}.Release|Any CPU.Build.0 = Release|Any CPU
	EndGlobalSection
	GlobalSection(SolutionProperties) = preSolution
		HideSolutionNode = FALSE
	EndGlobalSection
	GlobalSection(ExtensibilityGlobals) = postSolution
		SolutionGuid = {9051E485-F7AF-4066-9AAD-BA35283BBE1E}
	EndGlobalSection
EndGlobal
